schema: '2.0'
stages:
  feature-valuation:
    cmd: python -m ml_reproducibility_challenge.experiments.feature_valuation_experiments
    deps:
    - path: src/ml_reproducibility_challenge/experiments/feature_valuation_experiments.py
      md5: 438fdc201e9af6911decccbd78897008
      size: 7143
    outs:
    - path: output/feature_valuation/
      md5: 8c5c26a8372dc6c3c338bb4ea96bab1a.dir
      size: 91191
      nfiles: 4
  fixing-mislabeled-data:
    cmd: python -m ml_reproducibility_challenge.experiments.fixing_mislabeled_data_experiment
    deps:
    - path: src/ml_reproducibility_challenge/experiments/fixing_mislabeled_data_experiment.py
      md5: 1598147b9ce9663551d1e400770940a8
      size: 5882
    outs:
    - path: output/fixing_mislabeled_data/
      md5: 34f7988bf87131f03ae7cc4acf822616.dir
      size: 135288
      nfiles: 10
