schema: '2.0'
stages:
  feature-valuation:
    cmd: python -m ml_reproducibility_challenge.experiments.feature_valuation_experiments
    deps:
    - path: src/ml_reproducibility_challenge/experiments/feature_valuation_experiments.py
      md5: 9969dfc045a153402d04743d5362f15f
      size: 7310
    outs:
    - path: output/feature_valuation/
      md5: 573de7567ffb44954fedb4d057f52bab.dir
      size: 91319
      nfiles: 4
  fixing-mislabeled-data:
    cmd: python -m ml_reproducibility_challenge.experiments.fixing_mislabeled_data_experiment
    deps:
    - path: src/ml_reproducibility_challenge/experiments/fixing_mislabeled_data_experiment.py
      md5: 220432f972b470875ee0acf7995542cf
      size: 8560
    outs:
    - path: output/fixing_mislabeled_data/
      md5: c96fce2e19c18b520514779f097023d3.dir
      size: 205818
      nfiles: 13
